// !$*UTF8*$!
{
	archiveVersion = 1;
	classes = {
	};
	objectVersion = 56;
	objects = {

/* Begin PBXBuildFile section */
		A0B5D67B29116A8200DD3C65 /* SnapKit in Frameworks */ = {isa = PBXBuildFile; productRef = A0B5D67A29116A8200DD3C65 /* SnapKit */; };
		A0B5D68329117E1000DD3C65 /* UIViewController + Exs.swift in Sources */ = {isa = PBXBuildFile; fileRef = A0B5D68229117E1000DD3C65 /* UIViewController + Exs.swift */; };
		A0B5D6852911B8B600DD3C65 /* NewsScreenController.swift in Sources */ = {isa = PBXBuildFile; fileRef = A0B5D6842911B8B600DD3C65 /* NewsScreenController.swift */; };
		A0B5D6872911B9A300DD3C65 /* ProfileScreenController.swift in Sources */ = {isa = PBXBuildFile; fileRef = A0B5D6862911B9A300DD3C65 /* ProfileScreenController.swift */; };
		A0B5D68A2911BF1A00DD3C65 /* Color.swift in Sources */ = {isa = PBXBuildFile; fileRef = A0B5D6892911BF1A00DD3C65 /* Color.swift */; };
		A0B5D68C2911C0AC00DD3C65 /* NewsScreenAsembler.swift in Sources */ = {isa = PBXBuildFile; fileRef = A0B5D68B2911C0AC00DD3C65 /* NewsScreenAsembler.swift */; };
		A0B5D6922911C15300DD3C65 /* NewsScreenPresenter.swift in Sources */ = {isa = PBXBuildFile; fileRef = A0B5D6912911C15300DD3C65 /* NewsScreenPresenter.swift */; };
		A0B5D6982911C1F200DD3C65 /* ProfileScreenPresenter.swift in Sources */ = {isa = PBXBuildFile; fileRef = A0B5D6972911C1F200DD3C65 /* ProfileScreenPresenter.swift */; };
		A0B5D69A2911C20E00DD3C65 /* ProfileScreenAsembler.swift in Sources */ = {isa = PBXBuildFile; fileRef = A0B5D6992911C20E00DD3C65 /* ProfileScreenAsembler.swift */; };
		A0C33BC7290AE6040058DCE0 /* AppDelegate.swift in Sources */ = {isa = PBXBuildFile; fileRef = A0C33BC6290AE6040058DCE0 /* AppDelegate.swift */; };
		A0C33BC9290AE6040058DCE0 /* SceneDelegate.swift in Sources */ = {isa = PBXBuildFile; fileRef = A0C33BC8290AE6040058DCE0 /* SceneDelegate.swift */; };
		A0C33BD0290AE6050058DCE0 /* Assets.xcassets in Resources */ = {isa = PBXBuildFile; fileRef = A0C33BCF290AE6050058DCE0 /* Assets.xcassets */; };
		A0C33BD3290AE6050058DCE0 /* LaunchScreen.storyboard in Resources */ = {isa = PBXBuildFile; fileRef = A0C33BD1290AE6050058DCE0 /* LaunchScreen.storyboard */; };
		A0C33BDB290AEA3A0058DCE0 /* MainTabBarController.swift in Sources */ = {isa = PBXBuildFile; fileRef = A0C33BDA290AEA3A0058DCE0 /* MainTabBarController.swift */; };
/* End PBXBuildFile section */

/* Begin PBXFileReference section */
		A0B5D68229117E1000DD3C65 /* UIViewController + Exs.swift */ = {isa = PBXFileReference; lastKnownFileType = sourcecode.swift; path = "UIViewController + Exs.swift"; sourceTree = "<group>"; };
		A0B5D6842911B8B600DD3C65 /* NewsScreenController.swift */ = {isa = PBXFileReference; lastKnownFileType = sourcecode.swift; path = NewsScreenController.swift; sourceTree = "<group>"; };
		A0B5D6862911B9A300DD3C65 /* ProfileScreenController.swift */ = {isa = PBXFileReference; lastKnownFileType = sourcecode.swift; path = ProfileScreenController.swift; sourceTree = "<group>"; };
		A0B5D6892911BF1A00DD3C65 /* Color.swift */ = {isa = PBXFileReference; lastKnownFileType = sourcecode.swift; path = Color.swift; sourceTree = "<group>"; };
		A0B5D68B2911C0AC00DD3C65 /* NewsScreenAsembler.swift */ = {isa = PBXFileReference; lastKnownFileType = sourcecode.swift; path = NewsScreenAsembler.swift; sourceTree = "<group>"; };
		A0B5D6912911C15300DD3C65 /* NewsScreenPresenter.swift */ = {isa = PBXFileReference; lastKnownFileType = sourcecode.swift; path = NewsScreenPresenter.swift; sourceTree = "<group>"; };
		A0B5D6972911C1F200DD3C65 /* ProfileScreenPresenter.swift */ = {isa = PBXFileReference; lastKnownFileType = sourcecode.swift; path = ProfileScreenPresenter.swift; sourceTree = "<group>"; };
		A0B5D6992911C20E00DD3C65 /* ProfileScreenAsembler.swift */ = {isa = PBXFileReference; lastKnownFileType = sourcecode.swift; path = ProfileScreenAsembler.swift; sourceTree = "<group>"; };
		A0C33BC3290AE6040058DCE0 /* News_Radar.app */ = {isa = PBXFileReference; explicitFileType = wrapper.application; includeInIndex = 0; path = News_Radar.app; sourceTree = BUILT_PRODUCTS_DIR; };
		A0C33BC6290AE6040058DCE0 /* AppDelegate.swift */ = {isa = PBXFileReference; lastKnownFileType = sourcecode.swift; path = AppDelegate.swift; sourceTree = "<group>"; };
		A0C33BC8290AE6040058DCE0 /* SceneDelegate.swift */ = {isa = PBXFileReference; lastKnownFileType = sourcecode.swift; path = SceneDelegate.swift; sourceTree = "<group>"; };
		A0C33BCF290AE6050058DCE0 /* Assets.xcassets */ = {isa = PBXFileReference; lastKnownFileType = folder.assetcatalog; path = Assets.xcassets; sourceTree = "<group>"; };
		A0C33BD2290AE6050058DCE0 /* Base */ = {isa = PBXFileReference; lastKnownFileType = file.storyboard; name = Base; path = Base.lproj/LaunchScreen.storyboard; sourceTree = "<group>"; };
		A0C33BD4290AE6050058DCE0 /* Info.plist */ = {isa = PBXFileReference; lastKnownFileType = text.plist.xml; path = Info.plist; sourceTree = "<group>"; };
		A0C33BDA290AEA3A0058DCE0 /* MainTabBarController.swift */ = {isa = PBXFileReference; lastKnownFileType = sourcecode.swift; path = MainTabBarController.swift; sourceTree = "<group>"; };
/* End PBXFileReference section */

/* Begin PBXFrameworksBuildPhase section */
		A0C33BC0290AE6040058DCE0 /* Frameworks */ = {
			isa = PBXFrameworksBuildPhase;
			buildActionMask = 2147483647;
			files = (
				A0B5D67B29116A8200DD3C65 /* SnapKit in Frameworks */,
			);
			runOnlyForDeploymentPostprocessing = 0;
		};
/* End PBXFrameworksBuildPhase section */

/* Begin PBXGroup section */
		A0B5D67C29117B5500DD3C65 /* TabBar */ = {
			isa = PBXGroup;
			children = (
				A0B5D67D29117B7700DD3C65 /* View */,
			);
			path = TabBar;
			sourceTree = "<group>";
		};
		A0B5D67D29117B7700DD3C65 /* View */ = {
			isa = PBXGroup;
			children = (
				A0C33BDA290AEA3A0058DCE0 /* MainTabBarController.swift */,
			);
			path = View;
			sourceTree = "<group>";
		};
		A0B5D67E29117B8800DD3C65 /* ProfileScreen */ = {
			isa = PBXGroup;
			children = (
				A0B5D6962911C19200DD3C65 /* Presenter */,
				A0B5D6952911C18700DD3C65 /* Asembler */,
				A0B5D6942911C17C00DD3C65 /* Model */,
				A0B5D6932911C17200DD3C65 /* View */,
			);
			path = ProfileScreen;
			sourceTree = "<group>";
		};
		A0B5D67F29117BA400DD3C65 /* NewsScreen */ = {
			isa = PBXGroup;
			children = (
				A0B5D6902911C0F500DD3C65 /* Model */,
				A0B5D68F2911C0EB00DD3C65 /* Presenter */,
				A0B5D68E2911C0DD00DD3C65 /* Asembler */,
				A0B5D68D2911C0CF00DD3C65 /* View */,
			);
			path = NewsScreen;
			sourceTree = "<group>";
		};
		A0B5D68029117BB400DD3C65 /* LoginScreen */ = {
			isa = PBXGroup;
			children = (
			);
			path = LoginScreen;
			sourceTree = "<group>";
		};
		A0B5D68129117DC200DD3C65 /* Extensions */ = {
			isa = PBXGroup;
			children = (
				A0B5D68229117E1000DD3C65 /* UIViewController + Exs.swift */,
			);
			path = Extensions;
			sourceTree = "<group>";
		};
		A0B5D6882911BEDD00DD3C65 /* Enums */ = {
			isa = PBXGroup;
			children = (
				A0B5D6892911BF1A00DD3C65 /* Color.swift */,
			);
			path = Enums;
			sourceTree = "<group>";
		};
		A0B5D68D2911C0CF00DD3C65 /* View */ = {
			isa = PBXGroup;
			children = (
				A0B5D6842911B8B600DD3C65 /* NewsScreenController.swift */,
			);
			path = View;
			sourceTree = "<group>";
		};
		A0B5D68E2911C0DD00DD3C65 /* Asembler */ = {
			isa = PBXGroup;
			children = (
				A0B5D68B2911C0AC00DD3C65 /* NewsScreenAsembler.swift */,
			);
			path = Asembler;
			sourceTree = "<group>";
		};
		A0B5D68F2911C0EB00DD3C65 /* Presenter */ = {
			isa = PBXGroup;
			children = (
				A0B5D6912911C15300DD3C65 /* NewsScreenPresenter.swift */,
			);
			path = Presenter;
			sourceTree = "<group>";
		};
		A0B5D6902911C0F500DD3C65 /* Model */ = {
			isa = PBXGroup;
			children = (
			);
			path = Model;
			sourceTree = "<group>";
		};
		A0B5D6932911C17200DD3C65 /* View */ = {
			isa = PBXGroup;
			children = (
				A0B5D6862911B9A300DD3C65 /* ProfileScreenController.swift */,
			);
			path = View;
			sourceTree = "<group>";
		};
		A0B5D6942911C17C00DD3C65 /* Model */ = {
			isa = PBXGroup;
			children = (
			);
			path = Model;
			sourceTree = "<group>";
		};
		A0B5D6952911C18700DD3C65 /* Asembler */ = {
			isa = PBXGroup;
			children = (
				A0B5D6992911C20E00DD3C65 /* ProfileScreenAsembler.swift */,
			);
			path = Asembler;
			sourceTree = "<group>";
		};
		A0B5D6962911C19200DD3C65 /* Presenter */ = {
			isa = PBXGroup;
			children = (
				A0B5D6972911C1F200DD3C65 /* ProfileScreenPresenter.swift */,
			);
			path = Presenter;
			sourceTree = "<group>";
		};
		A0C33BBA290AE6040058DCE0 = {
			isa = PBXGroup;
			children = (
				A0C33BC5290AE6040058DCE0 /* News_Radar */,
				A0C33BC4290AE6040058DCE0 /* Products */,
			);
			sourceTree = "<group>";
		};
		A0C33BC4290AE6040058DCE0 /* Products */ = {
			isa = PBXGroup;
			children = (
				A0C33BC3290AE6040058DCE0 /* News_Radar.app */,
			);
			name = Products;
			sourceTree = "<group>";
		};
		A0C33BC5290AE6040058DCE0 /* News_Radar */ = {
			isa = PBXGroup;
			children = (
				A0C33BDC290AEDCE0058DCE0 /* Soursce */,
				A0C33BDD290AEDE40058DCE0 /* Resoursce */,
				A0C33BCF290AE6050058DCE0 /* Assets.xcassets */,
				A0C33BD1290AE6050058DCE0 /* LaunchScreen.storyboard */,
				A0C33BD4290AE6050058DCE0 /* Info.plist */,
			);
			path = News_Radar;
			sourceTree = "<group>";
		};
		A0C33BDC290AEDCE0058DCE0 /* Soursce */ = {
			isa = PBXGroup;
			children = (
				A0B5D68129117DC200DD3C65 /* Extensions */,
				A0C33BDE290AEE260058DCE0 /* Aplication */,
				A0C33BDF290AEE310058DCE0 /* Scene */,
			);
			path = Soursce;
			sourceTree = "<group>";
		};
		A0C33BDD290AEDE40058DCE0 /* Resoursce */ = {
			isa = PBXGroup;
			children = (
			);
			path = Resoursce;
			sourceTree = "<group>";
		};
		A0C33BDE290AEE260058DCE0 /* Aplication */ = {
			isa = PBXGroup;
			children = (
				A0C33BC6290AE6040058DCE0 /* AppDelegate.swift */,
				A0C33BC8290AE6040058DCE0 /* SceneDelegate.swift */,
			);
			path = Aplication;
			sourceTree = "<group>";
		};
		A0C33BDF290AEE310058DCE0 /* Scene */ = {
			isa = PBXGroup;
			children = (
				A0B5D6882911BEDD00DD3C65 /* Enums */,
				A0B5D68029117BB400DD3C65 /* LoginScreen */,
				A0B5D67F29117BA400DD3C65 /* NewsScreen */,
				A0B5D67E29117B8800DD3C65 /* ProfileScreen */,
				A0B5D67C29117B5500DD3C65 /* TabBar */,
			);
			path = Scene;
			sourceTree = "<group>";
		};
/* End PBXGroup section */

/* Begin PBXNativeTarget section */
		A0C33BC2290AE6040058DCE0 /* News_Radar */ = {
			isa = PBXNativeTarget;
			buildConfigurationList = A0C33BD7290AE6050058DCE0 /* Build configuration list for PBXNativeTarget "News_Radar" */;
			buildPhases = (
				A0C33BBF290AE6040058DCE0 /* Sources */,
				A0C33BC0290AE6040058DCE0 /* Frameworks */,
				A0C33BC1290AE6040058DCE0 /* Resources */,
			);
			buildRules = (
			);
			dependencies = (
			);
			name = News_Radar;
			packageProductDependencies = (
				A0B5D67A29116A8200DD3C65 /* SnapKit */,
			);
			productName = News_Radar;
			productReference = A0C33BC3290AE6040058DCE0 /* News_Radar.app */;
			productType = "com.apple.product-type.application";
		};
/* End PBXNativeTarget section */

/* Begin PBXProject section */
		A0C33BBB290AE6040058DCE0 /* Project object */ = {
			isa = PBXProject;
			attributes = {
				BuildIndependentTargetsInParallel = 1;
				LastSwiftUpdateCheck = 1400;
				LastUpgradeCheck = 1400;
				TargetAttributes = {
					A0C33BC2290AE6040058DCE0 = {
						CreatedOnToolsVersion = 14.0;
					};
				};
			};
			buildConfigurationList = A0C33BBE290AE6040058DCE0 /* Build configuration list for PBXProject "News_Radar" */;
			compatibilityVersion = "Xcode 14.0";
			developmentRegion = en;
			hasScannedForEncodings = 0;
			knownRegions = (
				en,
				Base,
			);
			mainGroup = A0C33BBA290AE6040058DCE0;
			packageReferences = (
				A0B5D67929116A8200DD3C65 /* XCRemoteSwiftPackageReference "SnapKit" */,
			);
			productRefGroup = A0C33BC4290AE6040058DCE0 /* Products */;
			projectDirPath = "";
			projectRoot = "";
			targets = (
				A0C33BC2290AE6040058DCE0 /* News_Radar */,
			);
		};
/* End PBXProject section */

/* Begin PBXResourcesBuildPhase section */
		A0C33BC1290AE6040058DCE0 /* Resources */ = {
			isa = PBXResourcesBuildPhase;
			buildActionMask = 2147483647;
			files = (
				A0C33BD3290AE6050058DCE0 /* LaunchScreen.storyboard in Resources */,
				A0C33BD0290AE6050058DCE0 /* Assets.xcassets in Resources */,
			);
			runOnlyForDeploymentPostprocessing = 0;
		};
/* End PBXResourcesBuildPhase section */

/* Begin PBXSourcesBuildPhase section */
		A0C33BBF290AE6040058DCE0 /* Sources */ = {
			isa = PBXSourcesBuildPhase;
			buildActionMask = 2147483647;
			files = (
				A0B5D6982911C1F200DD3C65 /* ProfileScreenPresenter.swift in Sources */,
				A0C33BC7290AE6040058DCE0 /* AppDelegate.swift in Sources */,
				A0B5D68329117E1000DD3C65 /* UIViewController + Exs.swift in Sources */,
				A0B5D68A2911BF1A00DD3C65 /* Color.swift in Sources */,
				A0B5D6922911C15300DD3C65 /* NewsScreenPresenter.swift in Sources */,
				A0C33BDB290AEA3A0058DCE0 /* MainTabBarController.swift in Sources */,
				A0B5D69A2911C20E00DD3C65 /* ProfileScreenAsembler.swift in Sources */,
				A0B5D68C2911C0AC00DD3C65 /* NewsScreenAsembler.swift in Sources */,
				A0C33BC9290AE6040058DCE0 /* SceneDelegate.swift in Sources */,
				A0B5D6852911B8B600DD3C65 /* NewsScreenController.swift in Sources */,
				A0B5D6872911B9A300DD3C65 /* ProfileScreenController.swift in Sources */,
			);
			runOnlyForDeploymentPostprocessing = 0;
		};
/* End PBXSourcesBuildPhase section */

/* Begin PBXVariantGroup section */
		A0C33BD1290AE6050058DCE0 /* LaunchScreen.storyboard */ = {
			isa = PBXVariantGroup;
			children = (
				A0C33BD2290AE6050058DCE0 /* Base */,
			);
			name = LaunchScreen.storyboard;
			sourceTree = "<group>";
		};
/* End PBXVariantGroup section */

/* Begin XCBuildConfiguration section */
		A0C33BD5290AE6050058DCE0 /* Debug */ = {
			isa = XCBuildConfiguration;
			buildSettings = {
				ALWAYS_SEARCH_USER_PATHS = NO;
				CLANG_ANALYZER_NONNULL = YES;
				CLANG_ANALYZER_NUMBER_OBJECT_CONVERSION = YES_AGGRESSIVE;
				CLANG_CXX_LANGUAGE_STANDARD = "gnu++20";
				CLANG_ENABLE_MODULES = YES;
				CLANG_ENABLE_OBJC_ARC = YES;
				CLANG_ENABLE_OBJC_WEAK = YES;
				CLANG_WARN_BLOCK_CAPTURE_AUTORELEASING = YES;
				CLANG_WARN_BOOL_CONVERSION = YES;
				CLANG_WARN_COMMA = YES;
				CLANG_WARN_CONSTANT_CONVERSION = YES;
				CLANG_WARN_DEPRECATED_OBJC_IMPLEMENTATIONS = YES;
				CLANG_WARN_DIRECT_OBJC_ISA_USAGE = YES_ERROR;
				CLANG_WARN_DOCUMENTATION_COMMENTS = YES;
				CLANG_WARN_EMPTY_BODY = YES;
				CLANG_WARN_ENUM_CONVERSION = YES;
				CLANG_WARN_INFINITE_RECURSION = YES;
				CLANG_WARN_INT_CONVERSION = YES;
				CLANG_WARN_NON_LITERAL_NULL_CONVERSION = YES;
				CLANG_WARN_OBJC_IMPLICIT_RETAIN_SELF = YES;
				CLANG_WARN_OBJC_LITERAL_CONVERSION = YES;
				CLANG_WARN_OBJC_ROOT_CLASS = YES_ERROR;
				CLANG_WARN_QUOTED_INCLUDE_IN_FRAMEWORK_HEADER = YES;
				CLANG_WARN_RANGE_LOOP_ANALYSIS = YES;
				CLANG_WARN_STRICT_PROTOTYPES = YES;
				CLANG_WARN_SUSPICIOUS_MOVE = YES;
				CLANG_WARN_UNGUARDED_AVAILABILITY = YES_AGGRESSIVE;
				CLANG_WARN_UNREACHABLE_CODE = YES;
				CLANG_WARN__DUPLICATE_METHOD_MATCH = YES;
				COPY_PHASE_STRIP = NO;
				DEBUG_INFORMATION_FORMAT = dwarf;
				ENABLE_STRICT_OBJC_MSGSEND = YES;
				ENABLE_TESTABILITY = YES;
				GCC_C_LANGUAGE_STANDARD = gnu11;
				GCC_DYNAMIC_NO_PIC = NO;
				GCC_NO_COMMON_BLOCKS = YES;
				GCC_OPTIMIZATION_LEVEL = 0;
				GCC_PREPROCESSOR_DEFINITIONS = (
					"DEBUG=1",
					"$(inherited)",
				);
				GCC_WARN_64_TO_32_BIT_CONVERSION = YES;
				GCC_WARN_ABOUT_RETURN_TYPE = YES_ERROR;
				GCC_WARN_UNDECLARED_SELECTOR = YES;
				GCC_WARN_UNINITIALIZED_AUTOS = YES_AGGRESSIVE;
				GCC_WARN_UNUSED_FUNCTION = YES;
				GCC_WARN_UNUSED_VARIABLE = YES;
				IPHONEOS_DEPLOYMENT_TARGET = 15.2;
				MTL_ENABLE_DEBUG_INFO = INCLUDE_SOURCE;
				MTL_FAST_MATH = YES;
				ONLY_ACTIVE_ARCH = YES;
				SDKROOT = iphoneos;
				SWIFT_ACTIVE_COMPILATION_CONDITIONS = DEBUG;
				SWIFT_OPTIMIZATION_LEVEL = "-Onone";
			};
			name = Debug;
		};
		A0C33BD6290AE6050058DCE0 /* Release */ = {
			isa = XCBuildConfiguration;
			buildSettings = {
				ALWAYS_SEARCH_USER_PATHS = NO;
				CLANG_ANALYZER_NONNULL = YES;
				CLANG_ANALYZER_NUMBER_OBJECT_CONVERSION = YES_AGGRESSIVE;
				CLANG_CXX_LANGUAGE_STANDARD = "gnu++20";
				CLANG_ENABLE_MODULES = YES;
				CLANG_ENABLE_OBJC_ARC = YES;
				CLANG_ENABLE_OBJC_WEAK = YES;
				CLANG_WARN_BLOCK_CAPTURE_AUTORELEASING = YES;
				CLANG_WARN_BOOL_CONVERSION = YES;
				CLANG_WARN_COMMA = YES;
				CLANG_WARN_CONSTANT_CONVERSION = YES;
				CLANG_WARN_DEPRECATED_OBJC_IMPLEMENTATIONS = YES;
				CLANG_WARN_DIRECT_OBJC_ISA_USAGE = YES_ERROR;
				CLANG_WARN_DOCUMENTATION_COMMENTS = YES;
				CLANG_WARN_EMPTY_BODY = YES;
				CLANG_WARN_ENUM_CONVERSION = YES;
				CLANG_WARN_INFINITE_RECURSION = YES;
				CLANG_WARN_INT_CONVERSION = YES;
				CLANG_WARN_NON_LITERAL_NULL_CONVERSION = YES;
				CLANG_WARN_OBJC_IMPLICIT_RETAIN_SELF = YES;
				CLANG_WARN_OBJC_LITERAL_CONVERSION = YES;
				CLANG_WARN_OBJC_ROOT_CLASS = YES_ERROR;
				CLANG_WARN_QUOTED_INCLUDE_IN_FRAMEWORK_HEADER = YES;
				CLANG_WARN_RANGE_LOOP_ANALYSIS = YES;
				CLANG_WARN_STRICT_PROTOTYPES = YES;
				CLANG_WARN_SUSPICIOUS_MOVE = YES;
				CLANG_WARN_UNGUARDED_AVAILABILITY = YES_AGGRESSIVE;
				CLANG_WARN_UNREACHABLE_CODE = YES;
				CLANG_WARN__DUPLICATE_METHOD_MATCH = YES;
				COPY_PHASE_STRIP = NO;
				DEBUG_INFORMATION_FORMAT = "dwarf-with-dsym";
				ENABLE_NS_ASSERTIONS = NO;
				ENABLE_STRICT_OBJC_MSGSEND = YES;
				GCC_C_LANGUAGE_STANDARD = gnu11;
				GCC_NO_COMMON_BLOCKS = YES;
				GCC_WARN_64_TO_32_BIT_CONVERSION = YES;
				GCC_WARN_ABOUT_RETURN_TYPE = YES_ERROR;
				GCC_WARN_UNDECLARED_SELECTOR = YES;
				GCC_WARN_UNINITIALIZED_AUTOS = YES_AGGRESSIVE;
				GCC_WARN_UNUSED_FUNCTION = YES;
				GCC_WARN_UNUSED_VARIABLE = YES;
				IPHONEOS_DEPLOYMENT_TARGET = 15.2;
				MTL_ENABLE_DEBUG_INFO = NO;
				MTL_FAST_MATH = YES;
				SDKROOT = iphoneos;
				SWIFT_COMPILATION_MODE = wholemodule;
				SWIFT_OPTIMIZATION_LEVEL = "-O";
				VALIDATE_PRODUCT = YES;
			};
			name = Release;
		};
		A0C33BD8290AE6050058DCE0 /* Debug */ = {
			isa = XCBuildConfiguration;
			buildSettings = {
				ASSETCATALOG_COMPILER_APPICON_NAME = AppIcon;
				ASSETCATALOG_COMPILER_GLOBAL_ACCENT_COLOR_NAME = AccentColor;
				CODE_SIGN_STYLE = Automatic;
				CURRENT_PROJECT_VERSION = 1;
				DEVELOPMENT_TEAM = 7T99AX3SG2;
				GENERATE_INFOPLIST_FILE = YES;
				INFOPLIST_FILE = News_Radar/Info.plist;
				INFOPLIST_KEY_LSApplicationCategoryType = "public.app-category.news";
				INFOPLIST_KEY_UIApplicationSupportsIndirectInputEvents = YES;
				INFOPLIST_KEY_UILaunchStoryboardName = LaunchScreen;
				INFOPLIST_KEY_UISupportedInterfaceOrientations_iPad = "UIInterfaceOrientationPortrait UIInterfaceOrientationPortraitUpsideDown UIInterfaceOrientationLandscapeLeft UIInterfaceOrientationLandscapeRight";
				INFOPLIST_KEY_UISupportedInterfaceOrientations_iPhone = "UIInterfaceOrientationPortrait UIInterfaceOrientationLandscapeLeft UIInterfaceOrientationLandscapeRight";
				IPHONEOS_DEPLOYMENT_TARGET = 15.2;
				LD_RUNPATH_SEARCH_PATHS = (
					"$(inherited)",
					"@executable_path/Frameworks",
				);
				MARKETING_VERSION = 1.0;
				PRODUCT_BUNDLE_IDENTIFIER = "Maskal-Andrei.News-Radar";
				PRODUCT_NAME = "$(TARGET_NAME)";
				SWIFT_EMIT_LOC_STRINGS = YES;
				SWIFT_VERSION = 5.0;
				TARGETED_DEVICE_FAMILY = "1,2";
			};
			name = Debug;
		};
		A0C33BD9290AE6050058DCE0 /* Release */ = {
			isa = XCBuildConfiguration;
			buildSettings = {
				ASSETCATALOG_COMPILER_APPICON_NAME = AppIcon;
				ASSETCATALOG_COMPILER_GLOBAL_ACCENT_COLOR_NAME = AccentColor;
				CODE_SIGN_STYLE = Automatic;
				CURRENT_PROJECT_VERSION = 1;
				DEVELOPMENT_TEAM = 7T99AX3SG2;
				GENERATE_INFOPLIST_FILE = YES;
				INFOPLIST_FILE = News_Radar/Info.plist;
				INFOPLIST_KEY_LSApplicationCategoryType = "public.app-category.news";
				INFOPLIST_KEY_UIApplicationSupportsIndirectInputEvents = YES;
				INFOPLIST_KEY_UILaunchStoryboardName = LaunchScreen;
				INFOPLIST_KEY_UISupportedInterfaceOrientations_iPad = "UIInterfaceOrientationPortrait UIInterfaceOrientationPortraitUpsideDown UIInterfaceOrientationLandscapeLeft UIInterfaceOrientationLandscapeRight";
				INFOPLIST_KEY_UISupportedInterfaceOrientations_iPhone = "UIInterfaceOrientationPortrait UIInterfaceOrientationLandscapeLeft UIInterfaceOrientationLandscapeRight";
				IPHONEOS_DEPLOYMENT_TARGET = 15.2;
				LD_RUNPATH_SEARCH_PATHS = (
					"$(inherited)",
					"@executable_path/Frameworks",
				);
				MARKETING_VERSION = 1.0;
				PRODUCT_BUNDLE_IDENTIFIER = "Maskal-Andrei.News-Radar";
				PRODUCT_NAME = "$(TARGET_NAME)";
				SWIFT_EMIT_LOC_STRINGS = YES;
				SWIFT_VERSION = 5.0;
				TARGETED_DEVICE_FAMILY = "1,2";
			};
			name = Release;
		};
/* End XCBuildConfiguration section */

/* Begin XCConfigurationList section */
		A0C33BBE290AE6040058DCE0 /* Build configuration list for PBXProject "News_Radar" */ = {
			isa = XCConfigurationList;
			buildConfigurations = (
				A0C33BD5290AE6050058DCE0 /* Debug */,
				A0C33BD6290AE6050058DCE0 /* Release */,
			);
			defaultConfigurationIsVisible = 0;
			defaultConfigurationName = Release;
		};
		A0C33BD7290AE6050058DCE0 /* Build configuration list for PBXNativeTarget "News_Radar" */ = {
			isa = XCConfigurationList;
			buildConfigurations = (
				A0C33BD8290AE6050058DCE0 /* Debug */,
				A0C33BD9290AE6050058DCE0 /* Release */,
			);
			defaultConfigurationIsVisible = 0;
			defaultConfigurationName = Release;
		};
/* End XCConfigurationList section */

/* Begin XCRemoteSwiftPackageReference section */
		A0B5D67929116A8200DD3C65 /* XCRemoteSwiftPackageReference "SnapKit" */ = {
			isa = XCRemoteSwiftPackageReference;
			repositoryURL = "https://github.com/SnapKit/SnapKit.git";
			requirement = {
				kind = upToNextMajorVersion;
				minimumVersion = 5.0.0;
			};
		};
/* End XCRemoteSwiftPackageReference section */

/* Begin XCSwiftPackageProductDependency section */
		A0B5D67A29116A8200DD3C65 /* SnapKit */ = {
			isa = XCSwiftPackageProductDependency;
			package = A0B5D67929116A8200DD3C65 /* XCRemoteSwiftPackageReference "SnapKit" */;
			productName = SnapKit;
		};
/* End XCSwiftPackageProductDependency section */
	};
	rootObject = A0C33BBB290AE6040058DCE0 /* Project object */;
}
